// !$*UTF8*$!
{
	archiveVersion = 1;
	classes = {
	};
	objectVersion = 48;
	objects = {

/* Begin PBXBuildFile section */
		0425088F47E07AD5DA015716 /* Pods_MinFin.framework in Frameworks */ = {isa = PBXBuildFile; fileRef = 82DC40562B103256C0507218 /* Pods_MinFin.framework */; };
		7E2799CC211C6898003DE4FA /* AppDelegate.swift in Sources */ = {isa = PBXBuildFile; fileRef = 7E2799CB211C6898003DE4FA /* AppDelegate.swift */; };
		7E2799D1211C6898003DE4FA /* Main.storyboard in Resources */ = {isa = PBXBuildFile; fileRef = 7E2799CF211C6898003DE4FA /* Main.storyboard */; };
		7E2799D3211C6898003DE4FA /* Assets.xcassets in Resources */ = {isa = PBXBuildFile; fileRef = 7E2799D2211C6898003DE4FA /* Assets.xcassets */; };
		7E2799E2211C6C9E003DE4FA /* lazurski-cyrillic.ttf in Resources */ = {isa = PBXBuildFile; fileRef = 7E2799E1211C6C9E003DE4FA /* lazurski-cyrillic.ttf */; };
		7E2799E8211C6DA8003DE4FA /* Onboarding.storyboard in Resources */ = {isa = PBXBuildFile; fileRef = 7E2799E7211C6DA8003DE4FA /* Onboarding.storyboard */; };
		7E2799EB211C7667003DE4FA /* OnboardingPageViewController.swift in Sources */ = {isa = PBXBuildFile; fileRef = 7E2799EA211C7667003DE4FA /* OnboardingPageViewController.swift */; };
		7E2799ED211C76D4003DE4FA /* FinalOnboardingViewController.swift in Sources */ = {isa = PBXBuildFile; fileRef = 7E2799EC211C76D4003DE4FA /* FinalOnboardingViewController.swift */; };
		7E32D1B22130113900D38233 /* DetailInfo.swift in Sources */ = {isa = PBXBuildFile; fileRef = 7E32D1B12130113900D38233 /* DetailInfo.swift */; };
		7E32D1B421301B1A00D38233 /* Book.swift in Sources */ = {isa = PBXBuildFile; fileRef = 7E32D1B321301B1A00D38233 /* Book.swift */; };
		7E32D1B6213043CC00D38233 /* UIDeviceExtension.swift in Sources */ = {isa = PBXBuildFile; fileRef = 7E32D1B5213043CC00D38233 /* UIDeviceExtension.swift */; };
		7E32D1B921316B0700D38233 /* HeadingsViewController.swift in Sources */ = {isa = PBXBuildFile; fileRef = 7E32D1B821316B0700D38233 /* HeadingsViewController.swift */; };
		7E32D1BB21316BDD00D38233 /* HeadingTableViewCell.swift in Sources */ = {isa = PBXBuildFile; fileRef = 7E32D1BA21316BDD00D38233 /* HeadingTableViewCell.swift */; };
		7E32D1BD21317DF500D38233 /* ClusterView.xib in Resources */ = {isa = PBXBuildFile; fileRef = 7E32D1BC21317DF500D38233 /* ClusterView.xib */; };
		7E32D1C021317FEE00D38233 /* ClusterView.swift in Sources */ = {isa = PBXBuildFile; fileRef = 7E32D1BF21317FEE00D38233 /* ClusterView.swift */; };
		7E32D1C42131808F00D38233 /* Cluster.swift in Sources */ = {isa = PBXBuildFile; fileRef = 7E32D1C32131808F00D38233 /* Cluster.swift */; };
		7E32D1C921319CBC00D38233 /* ClusterDetailsCollectionViewCell.swift in Sources */ = {isa = PBXBuildFile; fileRef = 7E32D1C721319CBC00D38233 /* ClusterDetailsCollectionViewCell.swift */; };
		7E32D1CA21319CBC00D38233 /* ClusterDetailsCollectionViewCell.xib in Resources */ = {isa = PBXBuildFile; fileRef = 7E32D1C821319CBC00D38233 /* ClusterDetailsCollectionViewCell.xib */; };
		7E32D1CD21319E6800D38233 /* ClusterDetailsContainerView.xib in Resources */ = {isa = PBXBuildFile; fileRef = 7E32D1CC21319E6800D38233 /* ClusterDetailsContainerView.xib */; };
		7E32D1CF21319EC500D38233 /* ClusterDetailsContainerView.swift in Sources */ = {isa = PBXBuildFile; fileRef = 7E32D1CE21319EC500D38233 /* ClusterDetailsContainerView.swift */; };
		7E374F8C212C1AA7007ACD98 /* MainMenuViewController.swift in Sources */ = {isa = PBXBuildFile; fileRef = 7E374F8B212C1AA7007ACD98 /* MainMenuViewController.swift */; };
		7E374F8F212C1B7B007ACD98 /* LibraryViewController.swift in Sources */ = {isa = PBXBuildFile; fileRef = 7E374F8E212C1B7B007ACD98 /* LibraryViewController.swift */; };
		7E374F91212C1BE4007ACD98 /* BookCollectionViewCell.swift in Sources */ = {isa = PBXBuildFile; fileRef = 7E374F90212C1BE4007ACD98 /* BookCollectionViewCell.swift */; };
		7E374F94212C1D0A007ACD98 /* BookDetailsViewController.swift in Sources */ = {isa = PBXBuildFile; fileRef = 7E374F93212C1D0A007ACD98 /* BookDetailsViewController.swift */; };
		7E374F98212C244C007ACD98 /* UIColorExtension.swift in Sources */ = {isa = PBXBuildFile; fileRef = 7E374F97212C244C007ACD98 /* UIColorExtension.swift */; };
		7E374F9A212C26F6007ACD98 /* Color.swift in Sources */ = {isa = PBXBuildFile; fileRef = 7E374F99212C26F6007ACD98 /* Color.swift */; };
		7E4A04EE212D4CF60065FD7A /* HistoryViewController.swift in Sources */ = {isa = PBXBuildFile; fileRef = 7E4A04ED212D4CF60065FD7A /* HistoryViewController.swift */; };
		7E4A04F1212D52570065FD7A /* TimeLineContentView.swift in Sources */ = {isa = PBXBuildFile; fileRef = 7E4A04F0212D52570065FD7A /* TimeLineContentView.swift */; };
		7E4A04F4212D9FC80065FD7A /* PersonView.xib in Resources */ = {isa = PBXBuildFile; fileRef = 7E4A04F3212D9FC80065FD7A /* PersonView.xib */; };
		7E4A04F6212DA13B0065FD7A /* PersonView.swift in Sources */ = {isa = PBXBuildFile; fileRef = 7E4A04F5212DA13B0065FD7A /* PersonView.swift */; };
		7E4A04FB212DA1C20065FD7A /* Person.swift in Sources */ = {isa = PBXBuildFile; fileRef = 7E4A04FA212DA1C20065FD7A /* Person.swift */; };
		7E4A04FD212DA4F80065FD7A /* UIViewExtension.swift in Sources */ = {isa = PBXBuildFile; fileRef = 7E4A04FC212DA4F80065FD7A /* UIViewExtension.swift */; };
		7E4A04FF212DAB3E0065FD7A /* Event.swift in Sources */ = {isa = PBXBuildFile; fileRef = 7E4A04FE212DAB3E0065FD7A /* Event.swift */; };
		7E4A0502212DAC820065FD7A /* SingleEventView.xib in Resources */ = {isa = PBXBuildFile; fileRef = 7E4A0501212DAC820065FD7A /* SingleEventView.xib */; };
		7E4A0504212DAE650065FD7A /* SingleEventView.swift in Sources */ = {isa = PBXBuildFile; fileRef = 7E4A0503212DAE650065FD7A /* SingleEventView.swift */; };
		7E4A0507212E750D0065FD7A /* LeftEventView.xib in Resources */ = {isa = PBXBuildFile; fileRef = 7E4A0506212E750D0065FD7A /* LeftEventView.xib */; };
		7E4A0509212E780F0065FD7A /* LeftEventView.swift in Sources */ = {isa = PBXBuildFile; fileRef = 7E4A0508212E780F0065FD7A /* LeftEventView.swift */; };
		7E4A050C212E7CB90065FD7A /* RightEventView.xib in Resources */ = {isa = PBXBuildFile; fileRef = 7E4A050B212E7CB90065FD7A /* RightEventView.xib */; };
		7E4A050E212E7D0C0065FD7A /* RightEventView.swift in Sources */ = {isa = PBXBuildFile; fileRef = 7E4A050D212E7D0C0065FD7A /* RightEventView.swift */; };
		7E4A0510212EA3CF0065FD7A /* PersonDetailViewController.swift in Sources */ = {isa = PBXBuildFile; fileRef = 7E4A050F212EA3CF0065FD7A /* PersonDetailViewController.swift */; };
		7E4A0514212EA9740065FD7A /* AboutViewController.swift in Sources */ = {isa = PBXBuildFile; fileRef = 7E4A0513212EA9740065FD7A /* AboutViewController.swift */; };
		7E4A0516212EA9950065FD7A /* AboutTableViewCell.swift in Sources */ = {isa = PBXBuildFile; fileRef = 7E4A0515212EA9950065FD7A /* AboutTableViewCell.swift */; };
		7E4A0518212EABA40065FD7A /* AboutData.swift in Sources */ = {isa = PBXBuildFile; fileRef = 7E4A0517212EABA40065FD7A /* AboutData.swift */; };
		7E4A051B212EADEF0065FD7A /* AboutHeaderView.xib in Resources */ = {isa = PBXBuildFile; fileRef = 7E4A051A212EADEF0065FD7A /* AboutHeaderView.xib */; };
		7E4A051D212EADFA0065FD7A /* AboutHeaderView.swift in Sources */ = {isa = PBXBuildFile; fileRef = 7E4A051C212EADFA0065FD7A /* AboutHeaderView.swift */; };
		7E4A0520212EB2610065FD7A /* MainBackgroundView.xib in Resources */ = {isa = PBXBuildFile; fileRef = 7E4A051F212EB2610065FD7A /* MainBackgroundView.xib */; };
		7E4A0522212EB2B00065FD7A /* MainBackgroundView.swift in Sources */ = {isa = PBXBuildFile; fileRef = 7E4A0521212EB2B00065FD7A /* MainBackgroundView.swift */; };
		7E4A0524212EB5620065FD7A /* UIViewControllerExtension.swift in Sources */ = {isa = PBXBuildFile; fileRef = 7E4A0523212EB5620065FD7A /* UIViewControllerExtension.swift */; };
		7E94F8ED2132C92E00F27804 /* Localizable.strings in Resources */ = {isa = PBXBuildFile; fileRef = 7E94F8EF2132C92E00F27804 /* Localizable.strings */; };
		7E94F8F32132CB6D00F27804 /* StringExtension.swift in Sources */ = {isa = PBXBuildFile; fileRef = 7E94F8F22132CB6D00F27804 /* StringExtension.swift */; };
		7E94F8F62132CECB00F27804 /* AppLanguage.swift in Sources */ = {isa = PBXBuildFile; fileRef = 7E94F8F52132CECB00F27804 /* AppLanguage.swift */; };
		7E9B7195213D588000C236A9 /* StartViewController.swift in Sources */ = {isa = PBXBuildFile; fileRef = 7E9B7194213D588000C236A9 /* StartViewController.swift */; };
		7EA3820D2140235D00C1A640 /* LaunchScreen_Ru.storyboard in Resources */ = {isa = PBXBuildFile; fileRef = 7EA3820C2140235D00C1A640 /* LaunchScreen_Ru.storyboard */; };
		7ED53CEA216B883700AD3B7A /* BookmarkCell.swift in Sources */ = {isa = PBXBuildFile; fileRef = 7ED53CE9216B883700AD3B7A /* BookmarkCell.swift */; };
		7ED53CEC216B888A00AD3B7A /* BookmarksViewController.swift in Sources */ = {isa = PBXBuildFile; fileRef = 7ED53CEB216B888A00AD3B7A /* BookmarksViewController.swift */; };
		7EE4977E2137DD48000667B8 /* InfoPlist.strings in Resources */ = {isa = PBXBuildFile; fileRef = 7EE497802137DD48000667B8 /* InfoPlist.strings */; };
		7EE497832137DF47000667B8 /* BookReaderViewController.swift in Sources */ = {isa = PBXBuildFile; fileRef = 7EE497822137DF47000667B8 /* BookReaderViewController.swift */; };
		7EEF409A2136A9FB0070981A /* LibraryDataSource.swift in Sources */ = {isa = PBXBuildFile; fileRef = 7EEF40992136A9FB0070981A /* LibraryDataSource.swift */; };
		7EEF409C2136AC480070981A /* CatalogsData.swift in Sources */ = {isa = PBXBuildFile; fileRef = 7EEF409B2136AC480070981A /* CatalogsData.swift */; };
		7EF1C2F7216651AB0004F4BD /* minfin.json in Resources */ = {isa = PBXBuildFile; fileRef = 7EF1C2F6216651AB0004F4BD /* minfin.json */; };
		7EF94D8F213BCF4B0089372A /* OnboardingInfoViewController.swift in Sources */ = {isa = PBXBuildFile; fileRef = 7EF94D8E213BCF4B0089372A /* OnboardingInfoViewController.swift */; };
/* End PBXBuildFile section */

/* Begin PBXFileReference section */
		7E2799C8211C6898003DE4FA /* MinFin.app */ = {isa = PBXFileReference; explicitFileType = wrapper.application; includeInIndex = 0; path = MinFin.app; sourceTree = BUILT_PRODUCTS_DIR; };
		7E2799CB211C6898003DE4FA /* AppDelegate.swift */ = {isa = PBXFileReference; lastKnownFileType = sourcecode.swift; path = AppDelegate.swift; sourceTree = "<group>"; };
		7E2799D0211C6898003DE4FA /* Base */ = {isa = PBXFileReference; lastKnownFileType = file.storyboard; name = Base; path = Base.lproj/Main.storyboard; sourceTree = "<group>"; };
		7E2799D2211C6898003DE4FA /* Assets.xcassets */ = {isa = PBXFileReference; lastKnownFileType = folder.assetcatalog; path = Assets.xcassets; sourceTree = "<group>"; };
		7E2799D7211C6898003DE4FA /* Info.plist */ = {isa = PBXFileReference; lastKnownFileType = text.plist.xml; path = Info.plist; sourceTree = "<group>"; };
		7E2799E1211C6C9E003DE4FA /* lazurski-cyrillic.ttf */ = {isa = PBXFileReference; lastKnownFileType = file; path = "lazurski-cyrillic.ttf"; sourceTree = "<group>"; };
		7E2799E7211C6DA8003DE4FA /* Onboarding.storyboard */ = {isa = PBXFileReference; lastKnownFileType = file.storyboard; path = Onboarding.storyboard; sourceTree = "<group>"; };
		7E2799EA211C7667003DE4FA /* OnboardingPageViewController.swift */ = {isa = PBXFileReference; lastKnownFileType = sourcecode.swift; path = OnboardingPageViewController.swift; sourceTree = "<group>"; };
		7E2799EC211C76D4003DE4FA /* FinalOnboardingViewController.swift */ = {isa = PBXFileReference; lastKnownFileType = sourcecode.swift; path = FinalOnboardingViewController.swift; sourceTree = "<group>"; };
		7E32D1B12130113900D38233 /* DetailInfo.swift */ = {isa = PBXFileReference; lastKnownFileType = sourcecode.swift; path = DetailInfo.swift; sourceTree = "<group>"; };
		7E32D1B321301B1A00D38233 /* Book.swift */ = {isa = PBXFileReference; lastKnownFileType = sourcecode.swift; path = Book.swift; sourceTree = "<group>"; };
		7E32D1B5213043CC00D38233 /* UIDeviceExtension.swift */ = {isa = PBXFileReference; lastKnownFileType = sourcecode.swift; path = UIDeviceExtension.swift; sourceTree = "<group>"; };
		7E32D1B821316B0700D38233 /* HeadingsViewController.swift */ = {isa = PBXFileReference; lastKnownFileType = sourcecode.swift; path = HeadingsViewController.swift; sourceTree = "<group>"; };
		7E32D1BA21316BDD00D38233 /* HeadingTableViewCell.swift */ = {isa = PBXFileReference; lastKnownFileType = sourcecode.swift; path = HeadingTableViewCell.swift; sourceTree = "<group>"; };
		7E32D1BC21317DF500D38233 /* ClusterView.xib */ = {isa = PBXFileReference; lastKnownFileType = file.xib; path = ClusterView.xib; sourceTree = "<group>"; };
		7E32D1BF21317FEE00D38233 /* ClusterView.swift */ = {isa = PBXFileReference; lastKnownFileType = sourcecode.swift; path = ClusterView.swift; sourceTree = "<group>"; };
		7E32D1C32131808F00D38233 /* Cluster.swift */ = {isa = PBXFileReference; lastKnownFileType = sourcecode.swift; path = Cluster.swift; sourceTree = "<group>"; };
		7E32D1C721319CBC00D38233 /* ClusterDetailsCollectionViewCell.swift */ = {isa = PBXFileReference; lastKnownFileType = sourcecode.swift; path = ClusterDetailsCollectionViewCell.swift; sourceTree = "<group>"; };
		7E32D1C821319CBC00D38233 /* ClusterDetailsCollectionViewCell.xib */ = {isa = PBXFileReference; lastKnownFileType = file.xib; path = ClusterDetailsCollectionViewCell.xib; sourceTree = "<group>"; };
		7E32D1CC21319E6800D38233 /* ClusterDetailsContainerView.xib */ = {isa = PBXFileReference; lastKnownFileType = file.xib; path = ClusterDetailsContainerView.xib; sourceTree = "<group>"; };
		7E32D1CE21319EC500D38233 /* ClusterDetailsContainerView.swift */ = {isa = PBXFileReference; lastKnownFileType = sourcecode.swift; path = ClusterDetailsContainerView.swift; sourceTree = "<group>"; };
		7E374F8B212C1AA7007ACD98 /* MainMenuViewController.swift */ = {isa = PBXFileReference; lastKnownFileType = sourcecode.swift; path = MainMenuViewController.swift; sourceTree = "<group>"; };
		7E374F8E212C1B7B007ACD98 /* LibraryViewController.swift */ = {isa = PBXFileReference; lastKnownFileType = sourcecode.swift; path = LibraryViewController.swift; sourceTree = "<group>"; };
		7E374F90212C1BE4007ACD98 /* BookCollectionViewCell.swift */ = {isa = PBXFileReference; lastKnownFileType = sourcecode.swift; path = BookCollectionViewCell.swift; sourceTree = "<group>"; };
		7E374F93212C1D0A007ACD98 /* BookDetailsViewController.swift */ = {isa = PBXFileReference; lastKnownFileType = sourcecode.swift; path = BookDetailsViewController.swift; sourceTree = "<group>"; };
		7E374F97212C244C007ACD98 /* UIColorExtension.swift */ = {isa = PBXFileReference; lastKnownFileType = sourcecode.swift; path = UIColorExtension.swift; sourceTree = "<group>"; };
		7E374F99212C26F6007ACD98 /* Color.swift */ = {isa = PBXFileReference; lastKnownFileType = sourcecode.swift; path = Color.swift; sourceTree = "<group>"; };
		7E4A04ED212D4CF60065FD7A /* HistoryViewController.swift */ = {isa = PBXFileReference; lastKnownFileType = sourcecode.swift; path = HistoryViewController.swift; sourceTree = "<group>"; };
		7E4A04F0212D52570065FD7A /* TimeLineContentView.swift */ = {isa = PBXFileReference; lastKnownFileType = sourcecode.swift; path = TimeLineContentView.swift; sourceTree = "<group>"; };
		7E4A04F3212D9FC80065FD7A /* PersonView.xib */ = {isa = PBXFileReference; lastKnownFileType = file.xib; path = PersonView.xib; sourceTree = "<group>"; };
		7E4A04F5212DA13B0065FD7A /* PersonView.swift */ = {isa = PBXFileReference; lastKnownFileType = sourcecode.swift; path = PersonView.swift; sourceTree = "<group>"; };
		7E4A04FA212DA1C20065FD7A /* Person.swift */ = {isa = PBXFileReference; lastKnownFileType = sourcecode.swift; path = Person.swift; sourceTree = "<group>"; };
		7E4A04FC212DA4F80065FD7A /* UIViewExtension.swift */ = {isa = PBXFileReference; lastKnownFileType = sourcecode.swift; path = UIViewExtension.swift; sourceTree = "<group>"; };
		7E4A04FE212DAB3E0065FD7A /* Event.swift */ = {isa = PBXFileReference; lastKnownFileType = sourcecode.swift; path = Event.swift; sourceTree = "<group>"; };
		7E4A0501212DAC820065FD7A /* SingleEventView.xib */ = {isa = PBXFileReference; lastKnownFileType = file.xib; path = SingleEventView.xib; sourceTree = "<group>"; };
		7E4A0503212DAE650065FD7A /* SingleEventView.swift */ = {isa = PBXFileReference; lastKnownFileType = sourcecode.swift; path = SingleEventView.swift; sourceTree = "<group>"; };
		7E4A0506212E750D0065FD7A /* LeftEventView.xib */ = {isa = PBXFileReference; lastKnownFileType = file.xib; path = LeftEventView.xib; sourceTree = "<group>"; };
		7E4A0508212E780F0065FD7A /* LeftEventView.swift */ = {isa = PBXFileReference; lastKnownFileType = sourcecode.swift; path = LeftEventView.swift; sourceTree = "<group>"; };
		7E4A050B212E7CB90065FD7A /* RightEventView.xib */ = {isa = PBXFileReference; lastKnownFileType = file.xib; path = RightEventView.xib; sourceTree = "<group>"; };
		7E4A050D212E7D0C0065FD7A /* RightEventView.swift */ = {isa = PBXFileReference; lastKnownFileType = sourcecode.swift; path = RightEventView.swift; sourceTree = "<group>"; };
		7E4A050F212EA3CF0065FD7A /* PersonDetailViewController.swift */ = {isa = PBXFileReference; lastKnownFileType = sourcecode.swift; path = PersonDetailViewController.swift; sourceTree = "<group>"; };
		7E4A0513212EA9740065FD7A /* AboutViewController.swift */ = {isa = PBXFileReference; lastKnownFileType = sourcecode.swift; path = AboutViewController.swift; sourceTree = "<group>"; };
		7E4A0515212EA9950065FD7A /* AboutTableViewCell.swift */ = {isa = PBXFileReference; lastKnownFileType = sourcecode.swift; path = AboutTableViewCell.swift; sourceTree = "<group>"; };
		7E4A0517212EABA40065FD7A /* AboutData.swift */ = {isa = PBXFileReference; lastKnownFileType = sourcecode.swift; path = AboutData.swift; sourceTree = "<group>"; };
		7E4A051A212EADEF0065FD7A /* AboutHeaderView.xib */ = {isa = PBXFileReference; lastKnownFileType = file.xib; path = AboutHeaderView.xib; sourceTree = "<group>"; };
		7E4A051C212EADFA0065FD7A /* AboutHeaderView.swift */ = {isa = PBXFileReference; lastKnownFileType = sourcecode.swift; path = AboutHeaderView.swift; sourceTree = "<group>"; };
		7E4A051F212EB2610065FD7A /* MainBackgroundView.xib */ = {isa = PBXFileReference; lastKnownFileType = file.xib; path = MainBackgroundView.xib; sourceTree = "<group>"; };
		7E4A0521212EB2B00065FD7A /* MainBackgroundView.swift */ = {isa = PBXFileReference; lastKnownFileType = sourcecode.swift; path = MainBackgroundView.swift; sourceTree = "<group>"; };
		7E4A0523212EB5620065FD7A /* UIViewControllerExtension.swift */ = {isa = PBXFileReference; lastKnownFileType = sourcecode.swift; path = UIViewControllerExtension.swift; sourceTree = "<group>"; };
		7E94F8EA2132C85300F27804 /* ru-RU */ = {isa = PBXFileReference; lastKnownFileType = text.plist.strings; name = "ru-RU"; path = "ru-RU.lproj/Main.strings"; sourceTree = "<group>"; };
		7E94F8F02132C93400F27804 /* Base */ = {isa = PBXFileReference; lastKnownFileType = text.plist.strings; name = Base; path = Base.lproj/Localizable.strings; sourceTree = "<group>"; };
		7E94F8F12132C93500F27804 /* ru-RU */ = {isa = PBXFileReference; lastKnownFileType = text.plist.strings; name = "ru-RU"; path = "ru-RU.lproj/Localizable.strings"; sourceTree = "<group>"; };
		7E94F8F22132CB6D00F27804 /* StringExtension.swift */ = {isa = PBXFileReference; lastKnownFileType = sourcecode.swift; path = StringExtension.swift; sourceTree = "<group>"; };
		7E94F8F52132CECB00F27804 /* AppLanguage.swift */ = {isa = PBXFileReference; lastKnownFileType = sourcecode.swift; path = AppLanguage.swift; sourceTree = "<group>"; };
		7E9B7194213D588000C236A9 /* StartViewController.swift */ = {isa = PBXFileReference; lastKnownFileType = sourcecode.swift; path = StartViewController.swift; sourceTree = "<group>"; };
		7EA3820C2140235D00C1A640 /* LaunchScreen_Ru.storyboard */ = {isa = PBXFileReference; lastKnownFileType = file.storyboard; path = LaunchScreen_Ru.storyboard; sourceTree = "<group>"; };
		7ED53CE9216B883700AD3B7A /* BookmarkCell.swift */ = {isa = PBXFileReference; lastKnownFileType = sourcecode.swift; path = BookmarkCell.swift; sourceTree = "<group>"; };
		7ED53CEB216B888A00AD3B7A /* BookmarksViewController.swift */ = {isa = PBXFileReference; lastKnownFileType = sourcecode.swift; path = BookmarksViewController.swift; sourceTree = "<group>"; };
		7EE4977F2137DD48000667B8 /* ru-RU */ = {isa = PBXFileReference; lastKnownFileType = text.plist.strings; name = "ru-RU"; path = "ru-RU.lproj/InfoPlist.strings"; sourceTree = "<group>"; };
		7EE497822137DF47000667B8 /* BookReaderViewController.swift */ = {isa = PBXFileReference; lastKnownFileType = sourcecode.swift; path = BookReaderViewController.swift; sourceTree = "<group>"; };
		7EEF40992136A9FB0070981A /* LibraryDataSource.swift */ = {isa = PBXFileReference; lastKnownFileType = sourcecode.swift; path = LibraryDataSource.swift; sourceTree = "<group>"; };
		7EEF409B2136AC480070981A /* CatalogsData.swift */ = {isa = PBXFileReference; lastKnownFileType = sourcecode.swift; path = CatalogsData.swift; sourceTree = "<group>"; };
		7EF1C2F6216651AB0004F4BD /* minfin.json */ = {isa = PBXFileReference; fileEncoding = 4; lastKnownFileType = text.json; name = minfin.json; path = ../../../../../Downloads/minfin.json; sourceTree = "<group>"; };
		7EF94D8E213BCF4B0089372A /* OnboardingInfoViewController.swift */ = {isa = PBXFileReference; lastKnownFileType = sourcecode.swift; path = OnboardingInfoViewController.swift; sourceTree = "<group>"; };
		82DC40562B103256C0507218 /* Pods_MinFin.framework */ = {isa = PBXFileReference; explicitFileType = wrapper.framework; includeInIndex = 0; path = Pods_MinFin.framework; sourceTree = BUILT_PRODUCTS_DIR; };
		B156DB9131B34AB0433BEA60 /* Pods-MinFin.release.xcconfig */ = {isa = PBXFileReference; includeInIndex = 1; lastKnownFileType = text.xcconfig; name = "Pods-MinFin.release.xcconfig"; path = "Pods/Target Support Files/Pods-MinFin/Pods-MinFin.release.xcconfig"; sourceTree = "<group>"; };
		DF5980AD6E6C2D74BFAC459C /* Pods-MinFin.debug.xcconfig */ = {isa = PBXFileReference; includeInIndex = 1; lastKnownFileType = text.xcconfig; name = "Pods-MinFin.debug.xcconfig"; path = "Pods/Target Support Files/Pods-MinFin/Pods-MinFin.debug.xcconfig"; sourceTree = "<group>"; };
/* End PBXFileReference section */

/* Begin PBXFrameworksBuildPhase section */
		7E2799C5211C6898003DE4FA /* Frameworks */ = {
			isa = PBXFrameworksBuildPhase;
			buildActionMask = 2147483647;
			files = (
				0425088F47E07AD5DA015716 /* Pods_MinFin.framework in Frameworks */,
			);
			runOnlyForDeploymentPostprocessing = 0;
		};
/* End PBXFrameworksBuildPhase section */

/* Begin PBXGroup section */
		23F9C6B52A69F40D2E482653 /* Frameworks */ = {
			isa = PBXGroup;
			children = (
				82DC40562B103256C0507218 /* Pods_MinFin.framework */,
			);
			name = Frameworks;
			sourceTree = "<group>";
		};
		7E2799BF211C6898003DE4FA = {
			isa = PBXGroup;
			children = (
				7E2799CA211C6898003DE4FA /* MinFin */,
				7E2799C9211C6898003DE4FA /* Products */,
				F3800E3A3F695FC2C27266D8 /* Pods */,
				23F9C6B52A69F40D2E482653 /* Frameworks */,
			);
			sourceTree = "<group>";
		};
		7E2799C9211C6898003DE4FA /* Products */ = {
			isa = PBXGroup;
			children = (
				7E2799C8211C6898003DE4FA /* MinFin.app */,
			);
			name = Products;
			sourceTree = "<group>";
		};
		7E2799CA211C6898003DE4FA /* MinFin */ = {
			isa = PBXGroup;
			children = (
				7E4A04F9212DA1B70065FD7A /* Models */,
				7E374F89212C1A78007ACD98 /* MainFlow */,
				7E2799E9211C7648003DE4FA /* OnboardingFlow */,
				7E2799E5211C6D78003DE4FA /* Storyboards */,
				7E2799DD211C6A49003DE4FA /* Helpers */,
				7E2799E4211C6D51003DE4FA /* Support */,
				7E2799CB211C6898003DE4FA /* AppDelegate.swift */,
				7E2799D7211C6898003DE4FA /* Info.plist */,
				7EE497802137DD48000667B8 /* InfoPlist.strings */,
				7E2799DF211C6B94003DE4FA /* fonts */,
			);
			path = MinFin;
			sourceTree = "<group>";
		};
		7E2799DD211C6A49003DE4FA /* Helpers */ = {
			isa = PBXGroup;
			children = (
				7E4A051E212EB2480065FD7A /* BackgroundView */,
				7E374F97212C244C007ACD98 /* UIColorExtension.swift */,
				7E374F99212C26F6007ACD98 /* Color.swift */,
				7E4A04FC212DA4F80065FD7A /* UIViewExtension.swift */,
				7E4A0523212EB5620065FD7A /* UIViewControllerExtension.swift */,
				7E32D1B5213043CC00D38233 /* UIDeviceExtension.swift */,
				7E94F8F22132CB6D00F27804 /* StringExtension.swift */,
			);
			path = Helpers;
			sourceTree = "<group>";
		};
		7E2799DF211C6B94003DE4FA /* fonts */ = {
			isa = PBXGroup;
			children = (
				7E2799E1211C6C9E003DE4FA /* lazurski-cyrillic.ttf */,
			);
			path = fonts;
			sourceTree = "<group>";
		};
		7E2799E4211C6D51003DE4FA /* Support */ = {
			isa = PBXGroup;
			children = (
				7EF1C2F6216651AB0004F4BD /* minfin.json */,
				7E2799D2211C6898003DE4FA /* Assets.xcassets */,
				7E94F8EF2132C92E00F27804 /* Localizable.strings */,
				7E94F8F52132CECB00F27804 /* AppLanguage.swift */,
			);
			path = Support;
			sourceTree = "<group>";
		};
		7E2799E5211C6D78003DE4FA /* Storyboards */ = {
			isa = PBXGroup;
			children = (
				7E2799CF211C6898003DE4FA /* Main.storyboard */,
				7E2799E7211C6DA8003DE4FA /* Onboarding.storyboard */,
				7EA3820C2140235D00C1A640 /* LaunchScreen_Ru.storyboard */,
			);
			path = Storyboards;
			sourceTree = "<group>";
		};
		7E2799E9211C7648003DE4FA /* OnboardingFlow */ = {
			isa = PBXGroup;
			children = (
				7E2799EA211C7667003DE4FA /* OnboardingPageViewController.swift */,
				7E2799EC211C76D4003DE4FA /* FinalOnboardingViewController.swift */,
				7EF94D8E213BCF4B0089372A /* OnboardingInfoViewController.swift */,
			);
			path = OnboardingFlow;
			sourceTree = "<group>";
		};
		7E32D1B721316AF400D38233 /* Headings */ = {
			isa = PBXGroup;
			children = (
				7E32D1B821316B0700D38233 /* HeadingsViewController.swift */,
				7E32D1BA21316BDD00D38233 /* HeadingTableViewCell.swift */,
			);
			path = Headings;
			sourceTree = "<group>";
		};
		7E32D1BE21317E6C00D38233 /* ClusterView */ = {
			isa = PBXGroup;
			children = (
				7E32D1BC21317DF500D38233 /* ClusterView.xib */,
				7E32D1BF21317FEE00D38233 /* ClusterView.swift */,
			);
			path = ClusterView;
			sourceTree = "<group>";
		};
		7E32D1C521319C8700D38233 /* ClusterDetails */ = {
			isa = PBXGroup;
			children = (
				7E32D1CB21319E5600D38233 /* ClusterDetailsContainer */,
				7E32D1C621319C9900D38233 /* ClusterDetailsCell */,
			);
			path = ClusterDetails;
			sourceTree = "<group>";
		};
		7E32D1C621319C9900D38233 /* ClusterDetailsCell */ = {
			isa = PBXGroup;
			children = (
				7E32D1C721319CBC00D38233 /* ClusterDetailsCollectionViewCell.swift */,
				7E32D1C821319CBC00D38233 /* ClusterDetailsCollectionViewCell.xib */,
			);
			path = ClusterDetailsCell;
			sourceTree = "<group>";
		};
		7E32D1CB21319E5600D38233 /* ClusterDetailsContainer */ = {
			isa = PBXGroup;
			children = (
				7E32D1CC21319E6800D38233 /* ClusterDetailsContainerView.xib */,
				7E32D1CE21319EC500D38233 /* ClusterDetailsContainerView.swift */,
			);
			path = ClusterDetailsContainer;
			sourceTree = "<group>";
		};
		7E374F89212C1A78007ACD98 /* MainFlow */ = {
			isa = PBXGroup;
			children = (
				7E4A0512212EA9620065FD7A /* About */,
				7E4A04EC212D4CE40065FD7A /* History */,
				7E374F8D212C1B48007ACD98 /* Library */,
				7E374F8A212C1A94007ACD98 /* MainMenu */,
				7E9B7194213D588000C236A9 /* StartViewController.swift */,
			);
			path = MainFlow;
			sourceTree = "<group>";
		};
		7E374F8A212C1A94007ACD98 /* MainMenu */ = {
			isa = PBXGroup;
			children = (
				7E374F8B212C1AA7007ACD98 /* MainMenuViewController.swift */,
			);
			path = MainMenu;
			sourceTree = "<group>";
		};
		7E374F8D212C1B48007ACD98 /* Library */ = {
			isa = PBXGroup;
			children = (
				7ED53CE8216B880800AD3B7A /* Bookmarks */,
				7E32D1B721316AF400D38233 /* Headings */,
				7E374F92212C1CE8007ACD98 /* Details */,
				7E374F8E212C1B7B007ACD98 /* LibraryViewController.swift */,
				7E374F90212C1BE4007ACD98 /* BookCollectionViewCell.swift */,
				7EEF40992136A9FB0070981A /* LibraryDataSource.swift */,
			);
			path = Library;
			sourceTree = "<group>";
		};
		7E374F92212C1CE8007ACD98 /* Details */ = {
			isa = PBXGroup;
			children = (
				7E374F93212C1D0A007ACD98 /* BookDetailsViewController.swift */,
				7EE497822137DF47000667B8 /* BookReaderViewController.swift */,
			);
			path = Details;
			sourceTree = "<group>";
		};
		7E4A04EC212D4CE40065FD7A /* History */ = {
			isa = PBXGroup;
			children = (
				7E4A04EF212D4D9D0065FD7A /* Views */,
				7E4A04ED212D4CF60065FD7A /* HistoryViewController.swift */,
				7E4A0511212EA3D60065FD7A /* PersonDetails */,
			);
			path = History;
			sourceTree = "<group>";
		};
		7E4A04EF212D4D9D0065FD7A /* Views */ = {
			isa = PBXGroup;
			children = (
				7E32D1C521319C8700D38233 /* ClusterDetails */,
				7E32D1BE21317E6C00D38233 /* ClusterView */,
				7E4A050A212E7C820065FD7A /* RightEventView */,
				7E4A0505212E74FD0065FD7A /* LeftEventView */,
				7E4A0500212DAC700065FD7A /* SingleEventView */,
				7E4A04F2212D9FAF0065FD7A /* RulerView */,
				7E4A04F0212D52570065FD7A /* TimeLineContentView.swift */,
			);
			path = Views;
			sourceTree = "<group>";
		};
		7E4A04F2212D9FAF0065FD7A /* RulerView */ = {
			isa = PBXGroup;
			children = (
				7E4A04F3212D9FC80065FD7A /* PersonView.xib */,
				7E4A04F5212DA13B0065FD7A /* PersonView.swift */,
			);
			path = RulerView;
			sourceTree = "<group>";
		};
		7E4A04F9212DA1B70065FD7A /* Models */ = {
			isa = PBXGroup;
			children = (
				7E4A04FA212DA1C20065FD7A /* Person.swift */,
				7E4A04FE212DAB3E0065FD7A /* Event.swift */,
				7E4A0517212EABA40065FD7A /* AboutData.swift */,
				7E32D1B12130113900D38233 /* DetailInfo.swift */,
				7E32D1B321301B1A00D38233 /* Book.swift */,
				7E32D1C32131808F00D38233 /* Cluster.swift */,
				7EEF409B2136AC480070981A /* CatalogsData.swift */,
			);
			path = Models;
			sourceTree = "<group>";
		};
		7E4A0500212DAC700065FD7A /* SingleEventView */ = {
			isa = PBXGroup;
			children = (
				7E4A0501212DAC820065FD7A /* SingleEventView.xib */,
				7E4A0503212DAE650065FD7A /* SingleEventView.swift */,
			);
			path = SingleEventView;
			sourceTree = "<group>";
		};
		7E4A0505212E74FD0065FD7A /* LeftEventView */ = {
			isa = PBXGroup;
			children = (
				7E4A0506212E750D0065FD7A /* LeftEventView.xib */,
				7E4A0508212E780F0065FD7A /* LeftEventView.swift */,
			);
			path = LeftEventView;
			sourceTree = "<group>";
		};
		7E4A050A212E7C820065FD7A /* RightEventView */ = {
			isa = PBXGroup;
			children = (
				7E4A050B212E7CB90065FD7A /* RightEventView.xib */,
				7E4A050D212E7D0C0065FD7A /* RightEventView.swift */,
			);
			path = RightEventView;
			sourceTree = "<group>";
		};
		7E4A0511212EA3D60065FD7A /* PersonDetails */ = {
			isa = PBXGroup;
			children = (
				7E4A050F212EA3CF0065FD7A /* PersonDetailViewController.swift */,
			);
			path = PersonDetails;
			sourceTree = "<group>";
		};
		7E4A0512212EA9620065FD7A /* About */ = {
			isa = PBXGroup;
			children = (
				7E4A0519212EADD80065FD7A /* AboutHeaderView */,
				7E4A0513212EA9740065FD7A /* AboutViewController.swift */,
				7E4A0515212EA9950065FD7A /* AboutTableViewCell.swift */,
			);
			path = About;
			sourceTree = "<group>";
		};
		7E4A0519212EADD80065FD7A /* AboutHeaderView */ = {
			isa = PBXGroup;
			children = (
				7E4A051A212EADEF0065FD7A /* AboutHeaderView.xib */,
				7E4A051C212EADFA0065FD7A /* AboutHeaderView.swift */,
			);
			path = AboutHeaderView;
			sourceTree = "<group>";
		};
		7E4A051E212EB2480065FD7A /* BackgroundView */ = {
			isa = PBXGroup;
			children = (
				7E4A051F212EB2610065FD7A /* MainBackgroundView.xib */,
				7E4A0521212EB2B00065FD7A /* MainBackgroundView.swift */,
			);
			path = BackgroundView;
			sourceTree = "<group>";
		};
		7ED53CE8216B880800AD3B7A /* Bookmarks */ = {
			isa = PBXGroup;
			children = (
				7ED53CE9216B883700AD3B7A /* BookmarkCell.swift */,
				7ED53CEB216B888A00AD3B7A /* BookmarksViewController.swift */,
			);
			path = Bookmarks;
			sourceTree = "<group>";
		};
		F3800E3A3F695FC2C27266D8 /* Pods */ = {
			isa = PBXGroup;
			children = (
				DF5980AD6E6C2D74BFAC459C /* Pods-MinFin.debug.xcconfig */,
				B156DB9131B34AB0433BEA60 /* Pods-MinFin.release.xcconfig */,
			);
			name = Pods;
			sourceTree = "<group>";
		};
/* End PBXGroup section */

/* Begin PBXNativeTarget section */
		7E2799C7211C6898003DE4FA /* MinFin */ = {
			isa = PBXNativeTarget;
			buildConfigurationList = 7E2799DA211C6898003DE4FA /* Build configuration list for PBXNativeTarget "MinFin" */;
			buildPhases = (
				1CD850498F3F12D16356F66B /* [CP] Check Pods Manifest.lock */,
				7E2799C4211C6898003DE4FA /* Sources */,
				7E2799C5211C6898003DE4FA /* Frameworks */,
				7E2799C6211C6898003DE4FA /* Resources */,
				DC26103E10F5C63AA4D8D51B /* [CP] Embed Pods Frameworks */,
				C0057774AAA9C6C16F04C132 /* [CP] Copy Pods Resources */,
			);
			buildRules = (
			);
			dependencies = (
			);
			name = MinFin;
			productName = MinFin;
			productReference = 7E2799C8211C6898003DE4FA /* MinFin.app */;
			productType = "com.apple.product-type.application";
		};
/* End PBXNativeTarget section */

/* Begin PBXProject section */
		7E2799C0211C6898003DE4FA /* Project object */ = {
			isa = PBXProject;
			attributes = {
				LastSwiftUpdateCheck = 0920;
				LastUpgradeCheck = 1000;
				ORGANIZATIONNAME = "Владимир Мельников";
				TargetAttributes = {
					7E2799C7211C6898003DE4FA = {
						CreatedOnToolsVersion = 9.2;
						ProvisioningStyle = Automatic;
					};
				};
			};
			buildConfigurationList = 7E2799C3211C6898003DE4FA /* Build configuration list for PBXProject "MinFin" */;
			compatibilityVersion = "Xcode 8.0";
			developmentRegion = en;
			hasScannedForEncodings = 0;
			knownRegions = (
				en,
				Base,
				"ru-RU",
			);
			mainGroup = 7E2799BF211C6898003DE4FA;
			productRefGroup = 7E2799C9211C6898003DE4FA /* Products */;
			projectDirPath = "";
			projectRoot = "";
			targets = (
				7E2799C7211C6898003DE4FA /* MinFin */,
			);
		};
/* End PBXProject section */

/* Begin PBXResourcesBuildPhase section */
		7E2799C6211C6898003DE4FA /* Resources */ = {
			isa = PBXResourcesBuildPhase;
			buildActionMask = 2147483647;
			files = (
				7E4A050C212E7CB90065FD7A /* RightEventView.xib in Resources */,
				7E4A051B212EADEF0065FD7A /* AboutHeaderView.xib in Resources */,
				7E2799E2211C6C9E003DE4FA /* lazurski-cyrillic.ttf in Resources */,
				7E32D1BD21317DF500D38233 /* ClusterView.xib in Resources */,
				7E4A04F4212D9FC80065FD7A /* PersonView.xib in Resources */,
				7EE4977E2137DD48000667B8 /* InfoPlist.strings in Resources */,
				7E2799E8211C6DA8003DE4FA /* Onboarding.storyboard in Resources */,
				7E4A0502212DAC820065FD7A /* SingleEventView.xib in Resources */,
				7E32D1CA21319CBC00D38233 /* ClusterDetailsCollectionViewCell.xib in Resources */,
				7EA3820D2140235D00C1A640 /* LaunchScreen_Ru.storyboard in Resources */,
				7E4A0520212EB2610065FD7A /* MainBackgroundView.xib in Resources */,
				7E32D1CD21319E6800D38233 /* ClusterDetailsContainerView.xib in Resources */,
				7EF1C2F7216651AB0004F4BD /* minfin.json in Resources */,
				7E4A0507212E750D0065FD7A /* LeftEventView.xib in Resources */,
				7E2799D3211C6898003DE4FA /* Assets.xcassets in Resources */,
				7E94F8ED2132C92E00F27804 /* Localizable.strings in Resources */,
				7E2799D1211C6898003DE4FA /* Main.storyboard in Resources */,
			);
			runOnlyForDeploymentPostprocessing = 0;
		};
/* End PBXResourcesBuildPhase section */

/* Begin PBXShellScriptBuildPhase section */
		1CD850498F3F12D16356F66B /* [CP] Check Pods Manifest.lock */ = {
			isa = PBXShellScriptBuildPhase;
			buildActionMask = 2147483647;
			files = (
			);
			inputPaths = (
				"${PODS_PODFILE_DIR_PATH}/Podfile.lock",
				"${PODS_ROOT}/Manifest.lock",
			);
			name = "[CP] Check Pods Manifest.lock";
			outputPaths = (
				"$(DERIVED_FILE_DIR)/Pods-MinFin-checkManifestLockResult.txt",
			);
			runOnlyForDeploymentPostprocessing = 0;
			shellPath = /bin/sh;
			shellScript = "diff \"${PODS_PODFILE_DIR_PATH}/Podfile.lock\" \"${PODS_ROOT}/Manifest.lock\" > /dev/null\nif [ $? != 0 ] ; then\n    # print error to STDERR\n    echo \"error: The sandbox is not in sync with the Podfile.lock. Run 'pod install' or update your CocoaPods installation.\" >&2\n    exit 1\nfi\n# This output is used by Xcode 'outputs' to avoid re-running this script phase.\necho \"SUCCESS\" > \"${SCRIPT_OUTPUT_FILE_0}\"\n";
			showEnvVarsInLog = 0;
		};
		C0057774AAA9C6C16F04C132 /* [CP] Copy Pods Resources */ = {
			isa = PBXShellScriptBuildPhase;
			buildActionMask = 2147483647;
			files = (
			);
			inputPaths = (
			);
			name = "[CP] Copy Pods Resources";
			outputPaths = (
			);
			runOnlyForDeploymentPostprocessing = 0;
			shellPath = /bin/sh;
			shellScript = "\"${SRCROOT}/Pods/Target Support Files/Pods-MinFin/Pods-MinFin-resources.sh\"\n";
			showEnvVarsInLog = 0;
		};
		DC26103E10F5C63AA4D8D51B /* [CP] Embed Pods Frameworks */ = {
			isa = PBXShellScriptBuildPhase;
			buildActionMask = 2147483647;
			files = (
			);
			inputPaths = (
				"${SRCROOT}/Pods/Target Support Files/Pods-MinFin/Pods-MinFin-frameworks.sh",
				"${BUILT_PRODUCTS_DIR}/Alamofire/Alamofire.framework",
				"${BUILT_PRODUCTS_DIR}/Realm/Realm.framework",
				"${BUILT_PRODUCTS_DIR}/RealmSwift/RealmSwift.framework",
			);
			name = "[CP] Embed Pods Frameworks";
			outputPaths = (
				"${TARGET_BUILD_DIR}/${FRAMEWORKS_FOLDER_PATH}/Alamofire.framework",
				"${TARGET_BUILD_DIR}/${FRAMEWORKS_FOLDER_PATH}/Realm.framework",
				"${TARGET_BUILD_DIR}/${FRAMEWORKS_FOLDER_PATH}/RealmSwift.framework",
			);
			runOnlyForDeploymentPostprocessing = 0;
			shellPath = /bin/sh;
			shellScript = "\"${SRCROOT}/Pods/Target Support Files/Pods-MinFin/Pods-MinFin-frameworks.sh\"\n";
			showEnvVarsInLog = 0;
		};
/* End PBXShellScriptBuildPhase section */

/* Begin PBXSourcesBuildPhase section */
		7E2799C4211C6898003DE4FA /* Sources */ = {
			isa = PBXSourcesBuildPhase;
			buildActionMask = 2147483647;
			files = (
				7E374F8C212C1AA7007ACD98 /* MainMenuViewController.swift in Sources */,
				7E374F94212C1D0A007ACD98 /* BookDetailsViewController.swift in Sources */,
				7ED53CEC216B888A00AD3B7A /* BookmarksViewController.swift in Sources */,
				7E9B7195213D588000C236A9 /* StartViewController.swift in Sources */,
				7E4A0524212EB5620065FD7A /* UIViewControllerExtension.swift in Sources */,
				7E4A050E212E7D0C0065FD7A /* RightEventView.swift in Sources */,
				7E374F8F212C1B7B007ACD98 /* LibraryViewController.swift in Sources */,
				7E4A04EE212D4CF60065FD7A /* HistoryViewController.swift in Sources */,
				7E4A04FF212DAB3E0065FD7A /* Event.swift in Sources */,
				7E4A0509212E780F0065FD7A /* LeftEventView.swift in Sources */,
				7EE497832137DF47000667B8 /* BookReaderViewController.swift in Sources */,
				7E4A04FD212DA4F80065FD7A /* UIViewExtension.swift in Sources */,
				7E4A0510212EA3CF0065FD7A /* PersonDetailViewController.swift in Sources */,
				7E32D1C42131808F00D38233 /* Cluster.swift in Sources */,
				7E374F98212C244C007ACD98 /* UIColorExtension.swift in Sources */,
				7E4A04F1212D52570065FD7A /* TimeLineContentView.swift in Sources */,
				7E32D1BB21316BDD00D38233 /* HeadingTableViewCell.swift in Sources */,
				7E4A0522212EB2B00065FD7A /* MainBackgroundView.swift in Sources */,
				7E32D1C021317FEE00D38233 /* ClusterView.swift in Sources */,
				7E32D1CF21319EC500D38233 /* ClusterDetailsContainerView.swift in Sources */,
				7E2799ED211C76D4003DE4FA /* FinalOnboardingViewController.swift in Sources */,
				7E4A04F6212DA13B0065FD7A /* PersonView.swift in Sources */,
				7E374F91212C1BE4007ACD98 /* BookCollectionViewCell.swift in Sources */,
				7E2799EB211C7667003DE4FA /* OnboardingPageViewController.swift in Sources */,
				7E32D1C921319CBC00D38233 /* ClusterDetailsCollectionViewCell.swift in Sources */,
				7E94F8F32132CB6D00F27804 /* StringExtension.swift in Sources */,
				7E4A0516212EA9950065FD7A /* AboutTableViewCell.swift in Sources */,
				7E32D1B921316B0700D38233 /* HeadingsViewController.swift in Sources */,
				7E94F8F62132CECB00F27804 /* AppLanguage.swift in Sources */,
				7E4A051D212EADFA0065FD7A /* AboutHeaderView.swift in Sources */,
				7ED53CEA216B883700AD3B7A /* BookmarkCell.swift in Sources */,
				7EEF409A2136A9FB0070981A /* LibraryDataSource.swift in Sources */,
				7E4A04FB212DA1C20065FD7A /* Person.swift in Sources */,
				7E2799CC211C6898003DE4FA /* AppDelegate.swift in Sources */,
				7EF94D8F213BCF4B0089372A /* OnboardingInfoViewController.swift in Sources */,
				7E374F9A212C26F6007ACD98 /* Color.swift in Sources */,
				7E32D1B22130113900D38233 /* DetailInfo.swift in Sources */,
				7E32D1B421301B1A00D38233 /* Book.swift in Sources */,
				7E4A0514212EA9740065FD7A /* AboutViewController.swift in Sources */,
				7E32D1B6213043CC00D38233 /* UIDeviceExtension.swift in Sources */,
				7EEF409C2136AC480070981A /* CatalogsData.swift in Sources */,
				7E4A0504212DAE650065FD7A /* SingleEventView.swift in Sources */,
				7E4A0518212EABA40065FD7A /* AboutData.swift in Sources */,
			);
			runOnlyForDeploymentPostprocessing = 0;
		};
/* End PBXSourcesBuildPhase section */

/* Begin PBXVariantGroup section */
		7E2799CF211C6898003DE4FA /* Main.storyboard */ = {
			isa = PBXVariantGroup;
			children = (
				7E2799D0211C6898003DE4FA /* Base */,
				7E94F8EA2132C85300F27804 /* ru-RU */,
			);
			name = Main.storyboard;
			sourceTree = "<group>";
		};
		7E94F8EF2132C92E00F27804 /* Localizable.strings */ = {
			isa = PBXVariantGroup;
			children = (
				7E94F8F02132C93400F27804 /* Base */,
				7E94F8F12132C93500F27804 /* ru-RU */,
			);
			name = Localizable.strings;
			sourceTree = "<group>";
		};
		7EE497802137DD48000667B8 /* InfoPlist.strings */ = {
			isa = PBXVariantGroup;
			children = (
				7EE4977F2137DD48000667B8 /* ru-RU */,
			);
			name = InfoPlist.strings;
			sourceTree = "<group>";
		};
/* End PBXVariantGroup section */

/* Begin XCBuildConfiguration section */
		7E2799D8211C6898003DE4FA /* Debug */ = {
			isa = XCBuildConfiguration;
			buildSettings = {
				ALWAYS_SEARCH_USER_PATHS = NO;
				CLANG_ANALYZER_LOCALIZABILITY_NONLOCALIZED = YES;
				CLANG_ANALYZER_NONNULL = YES;
				CLANG_ANALYZER_NUMBER_OBJECT_CONVERSION = YES_AGGRESSIVE;
				CLANG_CXX_LANGUAGE_STANDARD = "gnu++14";
				CLANG_CXX_LIBRARY = "libc++";
				CLANG_ENABLE_MODULES = YES;
				CLANG_ENABLE_OBJC_ARC = YES;
				CLANG_WARN_BLOCK_CAPTURE_AUTORELEASING = YES;
				CLANG_WARN_BOOL_CONVERSION = YES;
				CLANG_WARN_COMMA = YES;
				CLANG_WARN_CONSTANT_CONVERSION = YES;
				CLANG_WARN_DEPRECATED_OBJC_IMPLEMENTATIONS = YES;
				CLANG_WARN_DIRECT_OBJC_ISA_USAGE = YES_ERROR;
				CLANG_WARN_DOCUMENTATION_COMMENTS = YES;
				CLANG_WARN_EMPTY_BODY = YES;
				CLANG_WARN_ENUM_CONVERSION = YES;
				CLANG_WARN_INFINITE_RECURSION = YES;
				CLANG_WARN_INT_CONVERSION = YES;
				CLANG_WARN_NON_LITERAL_NULL_CONVERSION = YES;
				CLANG_WARN_OBJC_IMPLICIT_RETAIN_SELF = YES;
				CLANG_WARN_OBJC_LITERAL_CONVERSION = YES;
				CLANG_WARN_OBJC_ROOT_CLASS = YES_ERROR;
				CLANG_WARN_RANGE_LOOP_ANALYSIS = YES;
				CLANG_WARN_STRICT_PROTOTYPES = YES;
				CLANG_WARN_SUSPICIOUS_MOVE = YES;
				CLANG_WARN_UNGUARDED_AVAILABILITY = YES_AGGRESSIVE;
				CLANG_WARN_UNREACHABLE_CODE = YES;
				CLANG_WARN__DUPLICATE_METHOD_MATCH = YES;
				CODE_SIGN_IDENTITY = "iPhone Developer";
				COPY_PHASE_STRIP = NO;
				DEBUG_INFORMATION_FORMAT = dwarf;
				ENABLE_STRICT_OBJC_MSGSEND = YES;
				ENABLE_TESTABILITY = YES;
				GCC_C_LANGUAGE_STANDARD = gnu11;
				GCC_DYNAMIC_NO_PIC = NO;
				GCC_NO_COMMON_BLOCKS = YES;
				GCC_OPTIMIZATION_LEVEL = 0;
				GCC_PREPROCESSOR_DEFINITIONS = (
					"DEBUG=1",
					"$(inherited)",
				);
				GCC_WARN_64_TO_32_BIT_CONVERSION = YES;
				GCC_WARN_ABOUT_RETURN_TYPE = YES_ERROR;
				GCC_WARN_UNDECLARED_SELECTOR = YES;
				GCC_WARN_UNINITIALIZED_AUTOS = YES_AGGRESSIVE;
				GCC_WARN_UNUSED_FUNCTION = YES;
				GCC_WARN_UNUSED_VARIABLE = YES;
				IPHONEOS_DEPLOYMENT_TARGET = 8.0;
				MTL_ENABLE_DEBUG_INFO = YES;
				ONLY_ACTIVE_ARCH = YES;
				SDKROOT = iphoneos;
				SWIFT_ACTIVE_COMPILATION_CONDITIONS = DEBUG;
				SWIFT_OPTIMIZATION_LEVEL = "-Onone";
			};
			name = Debug;
		};
		7E2799D9211C6898003DE4FA /* Release */ = {
			isa = XCBuildConfiguration;
			buildSettings = {
				ALWAYS_SEARCH_USER_PATHS = NO;
				CLANG_ANALYZER_LOCALIZABILITY_NONLOCALIZED = YES;
				CLANG_ANALYZER_NONNULL = YES;
				CLANG_ANALYZER_NUMBER_OBJECT_CONVERSION = YES_AGGRESSIVE;
				CLANG_CXX_LANGUAGE_STANDARD = "gnu++14";
				CLANG_CXX_LIBRARY = "libc++";
				CLANG_ENABLE_MODULES = YES;
				CLANG_ENABLE_OBJC_ARC = YES;
				CLANG_WARN_BLOCK_CAPTURE_AUTORELEASING = YES;
				CLANG_WARN_BOOL_CONVERSION = YES;
				CLANG_WARN_COMMA = YES;
				CLANG_WARN_CONSTANT_CONVERSION = YES;
				CLANG_WARN_DEPRECATED_OBJC_IMPLEMENTATIONS = YES;
				CLANG_WARN_DIRECT_OBJC_ISA_USAGE = YES_ERROR;
				CLANG_WARN_DOCUMENTATION_COMMENTS = YES;
				CLANG_WARN_EMPTY_BODY = YES;
				CLANG_WARN_ENUM_CONVERSION = YES;
				CLANG_WARN_INFINITE_RECURSION = YES;
				CLANG_WARN_INT_CONVERSION = YES;
				CLANG_WARN_NON_LITERAL_NULL_CONVERSION = YES;
				CLANG_WARN_OBJC_IMPLICIT_RETAIN_SELF = YES;
				CLANG_WARN_OBJC_LITERAL_CONVERSION = YES;
				CLANG_WARN_OBJC_ROOT_CLASS = YES_ERROR;
				CLANG_WARN_RANGE_LOOP_ANALYSIS = YES;
				CLANG_WARN_STRICT_PROTOTYPES = YES;
				CLANG_WARN_SUSPICIOUS_MOVE = YES;
				CLANG_WARN_UNGUARDED_AVAILABILITY = YES_AGGRESSIVE;
				CLANG_WARN_UNREACHABLE_CODE = YES;
				CLANG_WARN__DUPLICATE_METHOD_MATCH = YES;
				CODE_SIGN_IDENTITY = "iPhone Developer";
				COPY_PHASE_STRIP = NO;
				DEBUG_INFORMATION_FORMAT = "dwarf-with-dsym";
				ENABLE_NS_ASSERTIONS = NO;
				ENABLE_STRICT_OBJC_MSGSEND = YES;
				GCC_C_LANGUAGE_STANDARD = gnu11;
				GCC_NO_COMMON_BLOCKS = YES;
				GCC_WARN_64_TO_32_BIT_CONVERSION = YES;
				GCC_WARN_ABOUT_RETURN_TYPE = YES_ERROR;
				GCC_WARN_UNDECLARED_SELECTOR = YES;
				GCC_WARN_UNINITIALIZED_AUTOS = YES_AGGRESSIVE;
				GCC_WARN_UNUSED_FUNCTION = YES;
				GCC_WARN_UNUSED_VARIABLE = YES;
				IPHONEOS_DEPLOYMENT_TARGET = 8.0;
				MTL_ENABLE_DEBUG_INFO = NO;
				SDKROOT = iphoneos;
				SWIFT_OPTIMIZATION_LEVEL = "-Owholemodule";
				VALIDATE_PRODUCT = YES;
			};
			name = Release;
		};
		7E2799DB211C6898003DE4FA /* Debug */ = {
			isa = XCBuildConfiguration;
			baseConfigurationReference = DF5980AD6E6C2D74BFAC459C /* Pods-MinFin.debug.xcconfig */;
			buildSettings = {
				ASSETCATALOG_COMPILER_APPICON_NAME = AppIcon;
				CODE_SIGN_IDENTITY = "iPhone Developer";
				"CODE_SIGN_IDENTITY[sdk=iphoneos*]" = "iPhone Developer";
				CODE_SIGN_STYLE = Automatic;
				DEVELOPMENT_TEAM = V4W5E3TPK9;
				INFOPLIST_FILE = MinFin/Info.plist;
				LD_RUNPATH_SEARCH_PATHS = "$(inherited) @executable_path/Frameworks";
				PRODUCT_BUNDLE_IDENTIFIER = minfin.vova.test;
				PRODUCT_NAME = "$(TARGET_NAME)";
				PROVISIONING_PROFILE_SPECIFIER = "";
				SWIFT_VERSION = 4.0;
				TARGETED_DEVICE_FAMILY = "1,2";
			};
			name = Debug;
		};
		7E2799DC211C6898003DE4FA /* Release */ = {
			isa = XCBuildConfiguration;
			baseConfigurationReference = B156DB9131B34AB0433BEA60 /* Pods-MinFin.release.xcconfig */;
			buildSettings = {
				ASSETCATALOG_COMPILER_APPICON_NAME = AppIcon;
				CODE_SIGN_IDENTITY = "iPhone Developer";
				"CODE_SIGN_IDENTITY[sdk=iphoneos*]" = "iPhone Distribution";
				CODE_SIGN_STYLE = Automatic;
				DEVELOPMENT_TEAM = V4W5E3TPK9;
				INFOPLIST_FILE = MinFin/Info.plist;
				LD_RUNPATH_SEARCH_PATHS = "$(inherited) @executable_path/Frameworks";
				PRODUCT_BUNDLE_IDENTIFIER = minfin.vova.test;
				PRODUCT_NAME = "$(TARGET_NAME)";
				PROVISIONING_PROFILE_SPECIFIER = "";
				SWIFT_VERSION = 4.0;
				TARGETED_DEVICE_FAMILY = "1,2";
			};
			name = Release;
		};
/* End XCBuildConfiguration section */

/* Begin XCConfigurationList section */
		7E2799C3211C6898003DE4FA /* Build configuration list for PBXProject "MinFin" */ = {
			isa = XCConfigurationList;
			buildConfigurations = (
				7E2799D8211C6898003DE4FA /* Debug */,
				7E2799D9211C6898003DE4FA /* Release */,
			);
			defaultConfigurationIsVisible = 0;
			defaultConfigurationName = Release;
		};
		7E2799DA211C6898003DE4FA /* Build configuration list for PBXNativeTarget "MinFin" */ = {
			isa = XCConfigurationList;
			buildConfigurations = (
				7E2799DB211C6898003DE4FA /* Debug */,
				7E2799DC211C6898003DE4FA /* Release */,
			);
			defaultConfigurationIsVisible = 0;
			defaultConfigurationName = Release;
		};
/* End XCConfigurationList section */
	};
	rootObject = 7E2799C0211C6898003DE4FA /* Project object */;
}
